# THIS IS AN AUTOGENERATED FILE. DO NOT EDIT THIS FILE DIRECTLY.
# yarn lockfile v1


httpntlm@^1.7.5:
  version "1.7.5"
  resolved "https://registry.yarnpkg.com/httpntlm/-/httpntlm-1.7.5.tgz#cd1558ed93125418ece5bf824c1335675feedecc"
  dependencies:
    httpreq ">=0.4.22"
    underscore "~1.7.0"

httpreq@>=0.4.22:
  version "0.4.23"
  resolved "https://registry.yarnpkg.com/httpreq/-/httpreq-0.4.23.tgz#0f460fe0c781029bcad7f47cad08de6cc1130212"

underscore@~1.7.0:
  version "1.7.0"
  resolved "https://registry.yarnpkg.com/underscore/-/underscore-1.7.0.tgz#6bbaf0877500d36be34ecaa584e0db9fef035209"
